
Microsoft Visual Studio Solution File, Format Version 12.00
# Visual Studio Version 17
VisualStudioVersion = 17.0.31903.59
MinimumVisualStudioVersion = 10.0.40219.1
Project("{FAE04EC0-301F-11D3-BF4B-00C04F79EFBC}") = "TaskManagerApi", "TaskManagerApi\TaskManagerApi.csproj", "{5797B2C9-69FB-4A81-89F6-BDF714B4CECB}"
EndProject
Project("{FAE04EC0-301F-11D3-BF4B-00C04F79EFBC}") = "TaskManagerApi.UnitTests", "TaskManagerApi.UnitTests\TaskManagerApi.UnitTests.csproj", "{89B3E2D7-0C9A-4E1B-B3B6-D2BC67A69F49}"
EndProject
Project("{FAE04EC0-301F-11D3-BF4B-00C04F79EFBC}") = "TaskManagerApi.IntegrationTests", "TaskManagerApi.IntegrationTests\TaskManagerApi.IntegrationTests.csproj", "{DEF520A0-83B5-43F9-85D0-8899558D5DAD}"
EndProject
Project("{FAE04EC0-301F-11D3-BF4B-00C04F79EFBC}") = "TaskManagerUI", "TaskManagerUI\TaskManagerUI.csproj", "{791FFB4A-31D8-4E53-AF23-D15A0B44D7B4}"
EndProject
Global
	GlobalSection(SolutionConfigurationPlatforms) = preSolution
		Debug|Any CPU = Debug|Any CPU
		Debug|x64 = Debug|x64
		Debug|x86 = Debug|x86
		Release|Any CPU = Release|Any CPU
		Release|x64 = Release|x64
		Release|x86 = Release|x86
	EndGlobalSection
	GlobalSection(ProjectConfigurationPlatforms) = postSolution
		{5797B2C9-69FB-4A81-89F6-BDF714B4CECB}.Debug|Any CPU.ActiveCfg = Debug|Any CPU
		{5797B2C9-69FB-4A81-89F6-BDF714B4CECB}.Debug|Any CPU.Build.0 = Debug|Any CPU
		{5797B2C9-69FB-4A81-89F6-BDF714B4CECB}.Debug|x64.ActiveCfg = Debug|Any CPU
		{5797B2C9-69FB-4A81-89F6-BDF714B4CECB}.Debug|x64.Build.0 = Debug|Any CPU
		{5797B2C9-69FB-4A81-89F6-BDF714B4CECB}.Debug|x86.ActiveCfg = Debug|Any CPU
		{5797B2C9-69FB-4A81-89F6-BDF714B4CECB}.Debug|x86.Build.0 = Debug|Any CPU
		{5797B2C9-69FB-4A81-89F6-BDF714B4CECB}.Release|Any CPU.ActiveCfg = Release|Any CPU
		{5797B2C9-69FB-4A81-89F6-BDF714B4CECB}.Release|Any CPU.Build.0 = Release|Any CPU
		{5797B2C9-69FB-4A81-89F6-BDF714B4CECB}.Release|x64.ActiveCfg = Release|Any CPU
		{5797B2C9-69FB-4A81-89F6-BDF714B4CECB}.Release|x64.Build.0 = Release|Any CPU
		{5797B2C9-69FB-4A81-89F6-BDF714B4CECB}.Release|x86.ActiveCfg = Release|Any CPU
		{5797B2C9-69FB-4A81-89F6-BDF714B4CECB}.Release|x86.Build.0 = Release|Any CPU
		{89B3E2D7-0C9A-4E1B-B3B6-D2BC67A69F49}.Debug|Any CPU.ActiveCfg = Debug|Any CPU
		{89B3E2D7-0C9A-4E1B-B3B6-D2BC67A69F49}.Debug|Any CPU.Build.0 = Debug|Any CPU
		{89B3E2D7-0C9A-4E1B-B3B6-D2BC67A69F49}.Debug|x64.ActiveCfg = Debug|Any CPU
		{89B3E2D7-0C9A-4E1B-B3B6-D2BC67A69F49}.Debug|x64.Build.0 = Debug|Any CPU
		{89B3E2D7-0C9A-4E1B-B3B6-D2BC67A69F49}.Debug|x86.ActiveCfg = Debug|Any CPU
		{89B3E2D7-0C9A-4E1B-B3B6-D2BC67A69F49}.Debug|x86.Build.0 = Debug|Any CPU
		{89B3E2D7-0C9A-4E1B-B3B6-D2BC67A69F49}.Release|Any CPU.ActiveCfg = Release|Any CPU
		{89B3E2D7-0C9A-4E1B-B3B6-D2BC67A69F49}.Release|Any CPU.Build.0 = Release|Any CPU
		{89B3E2D7-0C9A-4E1B-B3B6-D2BC67A69F49}.Release|x64.ActiveCfg = Release|Any CPU
		{89B3E2D7-0C9A-4E1B-B3B6-D2BC67A69F49}.Release|x64.Build.0 = Release|Any CPU
		{89B3E2D7-0C9A-4E1B-B3B6-D2BC67A69F49}.Release|x86.ActiveCfg = Release|Any CPU
		{89B3E2D7-0C9A-4E1B-B3B6-D2BC67A69F49}.Release|x86.Build.0 = Release|Any CPU
		{DEF520A0-83B5-43F9-85D0-8899558D5DAD}.Debug|Any CPU.ActiveCfg = Debug|Any CPU
		{DEF520A0-83B5-43F9-85D0-8899558D5DAD}.Debug|Any CPU.Build.0 = Debug|Any CPU
		{DEF520A0-83B5-43F9-85D0-8899558D5DAD}.Debug|x64.ActiveCfg = Debug|Any CPU
		{DEF520A0-83B5-43F9-85D0-8899558D5DAD}.Debug|x64.Build.0 = Debug|Any CPU
		{DEF520A0-83B5-43F9-85D0-8899558D5DAD}.Debug|x86.ActiveCfg = Debug|Any CPU
		{DEF520A0-83B5-43F9-85D0-8899558D5DAD}.Debug|x86.Build.0 = Debug|Any CPU
		{DEF520A0-83B5-43F9-85D0-8899558D5DAD}.Release|Any CPU.ActiveCfg = Release|Any CPU
		{DEF520A0-83B5-43F9-85D0-8899558D5DAD}.Release|Any CPU.Build.0 = Release|Any CPU
		{DEF520A0-83B5-43F9-85D0-8899558D5DAD}.Release|x64.ActiveCfg = Release|Any CPU
		{DEF520A0-83B5-43F9-85D0-8899558D5DAD}.Release|x64.Build.0 = Release|Any CPU
		{DEF520A0-83B5-43F9-85D0-8899558D5DAD}.Release|x86.ActiveCfg = Release|Any CPU
		{DEF520A0-83B5-43F9-85D0-8899558D5DAD}.Release|x86.Build.0 = Release|Any CPU
		{791FFB4A-31D8-4E53-AF23-D15A0B44D7B4}.Debug|Any CPU.ActiveCfg = Debug|Any CPU
		{791FFB4A-31D8-4E53-AF23-D15A0B44D7B4}.Debug|Any CPU.Build.0 = Debug|Any CPU
		{791FFB4A-31D8-4E53-AF23-D15A0B44D7B4}.Debug|x64.ActiveCfg = Debug|Any CPU
		{791FFB4A-31D8-4E53-AF23-D15A0B44D7B4}.Debug|x64.Build.0 = Debug|Any CPU
		{791FFB4A-31D8-4E53-AF23-D15A0B44D7B4}.Debug|x86.ActiveCfg = Debug|Any CPU
		{791FFB4A-31D8-4E53-AF23-D15A0B44D7B4}.Debug|x86.Build.0 = Debug|Any CPU
		{791FFB4A-31D8-4E53-AF23-D15A0B44D7B4}.Release|Any CPU.ActiveCfg = Release|Any CPU
		{791FFB4A-31D8-4E53-AF23-D15A0B44D7B4}.Release|Any CPU.Build.0 = Release|Any CPU
		{791FFB4A-31D8-4E53-AF23-D15A0B44D7B4}.Release|x64.ActiveCfg = Release|Any CPU
		{791FFB4A-31D8-4E53-AF23-D15A0B44D7B4}.Release|x64.Build.0 = Release|Any CPU
		{791FFB4A-31D8-4E53-AF23-D15A0B44D7B4}.Release|x86.ActiveCfg = Release|Any CPU
		{791FFB4A-31D8-4E53-AF23-D15A0B44D7B4}.Release|x86.Build.0 = Release|Any CPU
	EndGlobalSection
	GlobalSection(SolutionProperties) = preSolution
		HideSolutionNode = FALSE
	EndGlobalSection
EndGlobal
